
Microsoft Visual Studio Solution File, Format Version 12.00
# Visual Studio Version 16
VisualStudioVersion = 16.0.30114.105
MinimumVisualStudioVersion = 10.0.40219.1
Project("{FAE04EC0-301F-11D3-BF4B-00C04F79EFBC}") = "app", "app\app.csproj", "{C9E22307-E4EA-4D8E-A0AF-F128093B9A06}"
EndProject
Project("{FAE04EC0-301F-11D3-BF4B-00C04F79EFBC}") = "MotoMoto_Unit_Tests", "MotoMoto_Unit_Tests\MotoMoto_Unit_Tests.csproj", "{6DD96D9A-F795-463E-B2C4-F449CB370D38}"
EndProject
Project("{FAE04EC0-301F-11D3-BF4B-00C04F79EFBC}") = "TheNewPanelists.WebAPI", "TheNewPanelists.WebAPI\TheNewPanelists.WebAPI.csproj", "{88F0FB17-E863-433B-8F66-7DE9FE89DB3C}"
EndProject
Project("{FAE04EC0-301F-11D3-BF4B-00C04F79EFBC}") = "applayer", "applayer\applayer.csproj", "{BE1A9FF2-A82C-4BB6-8A20-35691186092B}"
EndProject
Global
	GlobalSection(SolutionConfigurationPlatforms) = preSolution
		Debug|Any CPU = Debug|Any CPU
		Release|Any CPU = Release|Any CPU
	EndGlobalSection
	GlobalSection(SolutionProperties) = preSolution
		HideSolutionNode = FALSE
	EndGlobalSection
	GlobalSection(ProjectConfigurationPlatforms) = postSolution
		{C9E22307-E4EA-4D8E-A0AF-F128093B9A06}.Debug|Any CPU.ActiveCfg = Debug|Any CPU
		{C9E22307-E4EA-4D8E-A0AF-F128093B9A06}.Debug|Any CPU.Build.0 = Debug|Any CPU
		{C9E22307-E4EA-4D8E-A0AF-F128093B9A06}.Release|Any CPU.ActiveCfg = Release|Any CPU
		{C9E22307-E4EA-4D8E-A0AF-F128093B9A06}.Release|Any CPU.Build.0 = Release|Any CPU
		{6DD96D9A-F795-463E-B2C4-F449CB370D38}.Debug|Any CPU.ActiveCfg = Debug|Any CPU
		{6DD96D9A-F795-463E-B2C4-F449CB370D38}.Debug|Any CPU.Build.0 = Debug|Any CPU
		{6DD96D9A-F795-463E-B2C4-F449CB370D38}.Release|Any CPU.ActiveCfg = Release|Any CPU
		{6DD96D9A-F795-463E-B2C4-F449CB370D38}.Release|Any CPU.Build.0 = Release|Any CPU
		{88F0FB17-E863-433B-8F66-7DE9FE89DB3C}.Debug|Any CPU.ActiveCfg = Debug|Any CPU
		{88F0FB17-E863-433B-8F66-7DE9FE89DB3C}.Debug|Any CPU.Build.0 = Debug|Any CPU
		{88F0FB17-E863-433B-8F66-7DE9FE89DB3C}.Release|Any CPU.ActiveCfg = Release|Any CPU
		{88F0FB17-E863-433B-8F66-7DE9FE89DB3C}.Release|Any CPU.Build.0 = Release|Any CPU
		{BE1A9FF2-A82C-4BB6-8A20-35691186092B}.Debug|Any CPU.ActiveCfg = Debug|Any CPU
		{BE1A9FF2-A82C-4BB6-8A20-35691186092B}.Debug|Any CPU.Build.0 = Debug|Any CPU
		{BE1A9FF2-A82C-4BB6-8A20-35691186092B}.Release|Any CPU.ActiveCfg = Release|Any CPU
		{BE1A9FF2-A82C-4BB6-8A20-35691186092B}.Release|Any CPU.Build.0 = Release|Any CPU
	EndGlobalSection
EndGlobal
