
Microsoft Visual Studio Solution File, Format Version 12.00
# Visual Studio Version 17
VisualStudioVersion = 17.0.32112.339
MinimumVisualStudioVersion = 10.0.40219.1
Project("{9A19103F-16F7-4668-BE54-9A1E7A4F7556}") = "TheNewPanelists.MotoMoto.DataAccess", "TheNewPanelists.MotoMoto.DataAccess\TheNewPanelists.MotoMoto.DataAccess.csproj", "{CBDA388C-0226-4C8C-BDF6-B51CE79B33B6}"
EndProject
Project("{9A19103F-16F7-4668-BE54-9A1E7A4F7556}") = "TheNewPanelists.MotoMoto.BusinessLayer", "TheNewPanelists.MotoMoto.BusinessLayer\TheNewPanelists.MotoMoto.BusinessLayer.csproj", "{B21BEF11-10C3-4880-8983-E7FF3C8AEB16}"
EndProject
Project("{9A19103F-16F7-4668-BE54-9A1E7A4F7556}") = "TheNewPanelists.MotoMoto.ServiceLayer", "TheNewPanelists.MotoMoto.ServiceLayer\TheNewPanelists.MotoMoto.ServiceLayer.csproj", "{180185C9-4FD0-44A8-BE9D-03592092DF79}"
EndProject
Project("{9A19103F-16F7-4668-BE54-9A1E7A4F7556}") = "TheNewPanelists.MotoMoto.Models", "TheNewPanelists.MotoMoto.Models\TheNewPanelists.MotoMoto.Models.csproj", "{013F2F48-5928-4779-96F9-A381827F3986}"
EndProject
Project("{9A19103F-16F7-4668-BE54-9A1E7A4F7556}") = "TheNewPanelists.MotoMoto.DataStoreEntities", "TheNewPanelists.MotoMoto.DataStoreEntities\TheNewPanelists.MotoMoto.DataStoreEntities.csproj", "{44619BBF-92B4-4614-8AFE-1F8E3ED95369}"
EndProject
Project("{2150E333-8FDC-42A3-9474-1A3956D46DE8}") = "TheNewPanelists.MotoMoto.WebServices", "TheNewPanelists.MotoMoto.WebServices", "{B97E2D09-07AD-457D-9935-51872B7A69F2}"
EndProject
Project("{9A19103F-16F7-4668-BE54-9A1E7A4F7556}") = "TheNewPanelists.MotoMoto.WebServices.UserManagement", "TheNewPanelists.MotoMoto.WebServices\TheNewPanelists.MotoMoto.WebServices.UserManagement\TheNewPanelists.MotoMoto.WebServices.UserManagement.csproj", "{CDF9AAEC-A0AA-40EA-95A2-3048481A8E20}"
EndProject
Project("{9A19103F-16F7-4668-BE54-9A1E7A4F7556}") = "TheNewPanelists.MotoMoto.UnitTests", "TheNewPanelists.MotoMoto.UnitTests\TheNewPanelists.MotoMoto.UnitTests.csproj", "{3AD60471-8521-4BEF-BFAF-F4DD1AD2F7E7}"
EndProject
Project("{9A19103F-16F7-4668-BE54-9A1E7A4F7556}") = "TheNewPanelists.MotoMoto.WebServices.Login", "WebApplication1\TheNewPanelists.MotoMoto.WebServices.Login.csproj", "{8499420E-A004-4054-AE4F-0F1452DFAD6A}"
EndProject
Project("{9A19103F-16F7-4668-BE54-9A1E7A4F7556}") = "TheNewPanelists.MotoMoto.WebServices.DirectMessage", "TheNewPanelists.MotoMoto.WebServices.DirectMessage\TheNewPanelists.MotoMoto.WebServices.DirectMessage.csproj", "{EBC1E9D2-56F5-40EF-B936-486011B95C37}"
EndProject
Project("{9A19103F-16F7-4668-BE54-9A1E7A4F7556}") = "TheNewPanelists.MotoMoto.WebServices.CarBuilder", "..\WebServices\CarBuilder\TheNewPanelists.MotoMoto.WebServices.CarBuilder\TheNewPanelists.MotoMoto.WebServices.CarBuilder.csproj", "{6DA32067-8AF6-4353-960B-53C668BA5322}"
EndProject
Project("{9A19103F-16F7-4668-BE54-9A1E7A4F7556}") = "TheNewPanelists.MotoMoto.WebServices.PersonalRecommendations", "TheNewPanelists.MotoMoto.WebServices\TheNewPanelists.MotoMoto.WebServices.PersonalRecommendations\TheNewPanelists.MotoMoto.WebServices.PersonalRecommendations.csproj", "{3F15302E-7919-4173-A00A-D1DFBFD87EA4}"
EndProject
Project("{9A19103F-16F7-4668-BE54-9A1E7A4F7556}") = "TheNewPanelists.MotoMoto.WebServices.Registration", "TheNewPanelists.MotoMoto.WebServices\TheNewPanelists.MotoMoto.WebServices.Registration\TheNewPanelists.MotoMoto.WebServices.Registration.csproj", "{5070ED88-8CEE-49F4-8323-29EC8665E09F}"
EndProject
Global
	GlobalSection(SolutionConfigurationPlatforms) = preSolution
		Debug|Any CPU = Debug|Any CPU
		Release|Any CPU = Release|Any CPU
	EndGlobalSection
	GlobalSection(ProjectConfigurationPlatforms) = postSolution
		{CBDA388C-0226-4C8C-BDF6-B51CE79B33B6}.Debug|Any CPU.ActiveCfg = Debug|Any CPU
		{CBDA388C-0226-4C8C-BDF6-B51CE79B33B6}.Debug|Any CPU.Build.0 = Debug|Any CPU
		{CBDA388C-0226-4C8C-BDF6-B51CE79B33B6}.Release|Any CPU.ActiveCfg = Release|Any CPU
		{CBDA388C-0226-4C8C-BDF6-B51CE79B33B6}.Release|Any CPU.Build.0 = Release|Any CPU
		{B21BEF11-10C3-4880-8983-E7FF3C8AEB16}.Debug|Any CPU.ActiveCfg = Debug|Any CPU
		{B21BEF11-10C3-4880-8983-E7FF3C8AEB16}.Debug|Any CPU.Build.0 = Debug|Any CPU
		{B21BEF11-10C3-4880-8983-E7FF3C8AEB16}.Release|Any CPU.ActiveCfg = Release|Any CPU
		{B21BEF11-10C3-4880-8983-E7FF3C8AEB16}.Release|Any CPU.Build.0 = Release|Any CPU
		{180185C9-4FD0-44A8-BE9D-03592092DF79}.Debug|Any CPU.ActiveCfg = Debug|Any CPU
		{180185C9-4FD0-44A8-BE9D-03592092DF79}.Debug|Any CPU.Build.0 = Debug|Any CPU
		{180185C9-4FD0-44A8-BE9D-03592092DF79}.Release|Any CPU.ActiveCfg = Release|Any CPU
		{180185C9-4FD0-44A8-BE9D-03592092DF79}.Release|Any CPU.Build.0 = Release|Any CPU
		{013F2F48-5928-4779-96F9-A381827F3986}.Debug|Any CPU.ActiveCfg = Debug|Any CPU
		{013F2F48-5928-4779-96F9-A381827F3986}.Debug|Any CPU.Build.0 = Debug|Any CPU
		{013F2F48-5928-4779-96F9-A381827F3986}.Release|Any CPU.ActiveCfg = Release|Any CPU
		{013F2F48-5928-4779-96F9-A381827F3986}.Release|Any CPU.Build.0 = Release|Any CPU
		{44619BBF-92B4-4614-8AFE-1F8E3ED95369}.Debug|Any CPU.ActiveCfg = Debug|Any CPU
		{44619BBF-92B4-4614-8AFE-1F8E3ED95369}.Debug|Any CPU.Build.0 = Debug|Any CPU
		{44619BBF-92B4-4614-8AFE-1F8E3ED95369}.Release|Any CPU.ActiveCfg = Release|Any CPU
		{44619BBF-92B4-4614-8AFE-1F8E3ED95369}.Release|Any CPU.Build.0 = Release|Any CPU
		{CDF9AAEC-A0AA-40EA-95A2-3048481A8E20}.Debug|Any CPU.ActiveCfg = Debug|Any CPU
		{CDF9AAEC-A0AA-40EA-95A2-3048481A8E20}.Debug|Any CPU.Build.0 = Debug|Any CPU
		{CDF9AAEC-A0AA-40EA-95A2-3048481A8E20}.Release|Any CPU.ActiveCfg = Release|Any CPU
		{CDF9AAEC-A0AA-40EA-95A2-3048481A8E20}.Release|Any CPU.Build.0 = Release|Any CPU
		{3AD60471-8521-4BEF-BFAF-F4DD1AD2F7E7}.Debug|Any CPU.ActiveCfg = Debug|Any CPU
		{3AD60471-8521-4BEF-BFAF-F4DD1AD2F7E7}.Debug|Any CPU.Build.0 = Debug|Any CPU
		{3AD60471-8521-4BEF-BFAF-F4DD1AD2F7E7}.Release|Any CPU.ActiveCfg = Release|Any CPU
		{3AD60471-8521-4BEF-BFAF-F4DD1AD2F7E7}.Release|Any CPU.Build.0 = Release|Any CPU
		{8499420E-A004-4054-AE4F-0F1452DFAD6A}.Debug|Any CPU.ActiveCfg = Debug|Any CPU
		{8499420E-A004-4054-AE4F-0F1452DFAD6A}.Debug|Any CPU.Build.0 = Debug|Any CPU
		{8499420E-A004-4054-AE4F-0F1452DFAD6A}.Release|Any CPU.ActiveCfg = Release|Any CPU
		{8499420E-A004-4054-AE4F-0F1452DFAD6A}.Release|Any CPU.Build.0 = Release|Any CPU
		{EBC1E9D2-56F5-40EF-B936-486011B95C37}.Debug|Any CPU.ActiveCfg = Debug|Any CPU
		{EBC1E9D2-56F5-40EF-B936-486011B95C37}.Debug|Any CPU.Build.0 = Debug|Any CPU
		{EBC1E9D2-56F5-40EF-B936-486011B95C37}.Release|Any CPU.ActiveCfg = Release|Any CPU
		{EBC1E9D2-56F5-40EF-B936-486011B95C37}.Release|Any CPU.Build.0 = Release|Any CPU
		{6DA32067-8AF6-4353-960B-53C668BA5322}.Debug|Any CPU.ActiveCfg = Debug|Any CPU
		{6DA32067-8AF6-4353-960B-53C668BA5322}.Debug|Any CPU.Build.0 = Debug|Any CPU
		{6DA32067-8AF6-4353-960B-53C668BA5322}.Release|Any CPU.ActiveCfg = Release|Any CPU
		{6DA32067-8AF6-4353-960B-53C668BA5322}.Release|Any CPU.Build.0 = Release|Any CPU
		{3F15302E-7919-4173-A00A-D1DFBFD87EA4}.Debug|Any CPU.ActiveCfg = Debug|Any CPU
		{3F15302E-7919-4173-A00A-D1DFBFD87EA4}.Debug|Any CPU.Build.0 = Debug|Any CPU
		{3F15302E-7919-4173-A00A-D1DFBFD87EA4}.Release|Any CPU.ActiveCfg = Release|Any CPU
		{3F15302E-7919-4173-A00A-D1DFBFD87EA4}.Release|Any CPU.Build.0 = Release|Any CPU
		{5070ED88-8CEE-49F4-8323-29EC8665E09F}.Debug|Any CPU.ActiveCfg = Debug|Any CPU
		{5070ED88-8CEE-49F4-8323-29EC8665E09F}.Debug|Any CPU.Build.0 = Debug|Any CPU
		{5070ED88-8CEE-49F4-8323-29EC8665E09F}.Release|Any CPU.ActiveCfg = Release|Any CPU
		{5070ED88-8CEE-49F4-8323-29EC8665E09F}.Release|Any CPU.Build.0 = Release|Any CPU
	EndGlobalSection
	GlobalSection(SolutionProperties) = preSolution
		HideSolutionNode = FALSE
	EndGlobalSection
	GlobalSection(NestedProjects) = preSolution
		{CDF9AAEC-A0AA-40EA-95A2-3048481A8E20} = {B97E2D09-07AD-457D-9935-51872B7A69F2}
		{8499420E-A004-4054-AE4F-0F1452DFAD6A} = {B97E2D09-07AD-457D-9935-51872B7A69F2}
		{EBC1E9D2-56F5-40EF-B936-486011B95C37} = {B97E2D09-07AD-457D-9935-51872B7A69F2}
		{3F15302E-7919-4173-A00A-D1DFBFD87EA4} = {B97E2D09-07AD-457D-9935-51872B7A69F2}
		{5070ED88-8CEE-49F4-8323-29EC8665E09F} = {B97E2D09-07AD-457D-9935-51872B7A69F2}
	EndGlobalSection
	GlobalSection(ExtensibilityGlobals) = postSolution
		SolutionGuid = {7BFB8863-7BFD-404A-9B19-6C16DEA14451}
	EndGlobalSection
EndGlobal
